// !$*UTF8*$!
{
	archiveVersion = 1;
	classes = {
	};
	objectVersion = 50;
	objects = {

/* Begin PBXBuildFile section */
		147C2B0623043350009F5491 /* Data.swift in Sources */ = {isa = PBXBuildFile; fileRef = 147C2B0523043350009F5491 /* Data.swift */; };
		1489200422F98596002EFAF6 /* AppDelegate.swift in Sources */ = {isa = PBXBuildFile; fileRef = 1489200322F98596002EFAF6 /* AppDelegate.swift */; };
		1489200622F98596002EFAF6 /* SceneDelegate.swift in Sources */ = {isa = PBXBuildFile; fileRef = 1489200522F98596002EFAF6 /* SceneDelegate.swift */; };
		1489200822F98596002EFAF6 /* ContentView.swift in Sources */ = {isa = PBXBuildFile; fileRef = 1489200722F98596002EFAF6 /* ContentView.swift */; };
		1489200A22F98597002EFAF6 /* Assets.xcassets in Resources */ = {isa = PBXBuildFile; fileRef = 1489200922F98597002EFAF6 /* Assets.xcassets */; };
		1489200D22F98597002EFAF6 /* Preview Assets.xcassets in Resources */ = {isa = PBXBuildFile; fileRef = 1489200C22F98597002EFAF6 /* Preview Assets.xcassets */; };
		1489201022F98597002EFAF6 /* LaunchScreen.storyboard in Resources */ = {isa = PBXBuildFile; fileRef = 1489200E22F98597002EFAF6 /* LaunchScreen.storyboard */; };
		1489201B22F98597002EFAF6 /* FamilySwiftUITests.swift in Sources */ = {isa = PBXBuildFile; fileRef = 1489201A22F98597002EFAF6 /* FamilySwiftUITests.swift */; };
		1489202622F98597002EFAF6 /* FamilySwiftUIUITests.swift in Sources */ = {isa = PBXBuildFile; fileRef = 1489202522F98597002EFAF6 /* FamilySwiftUIUITests.swift */; };
		1489203822F98600002EFAF6 /* FamilyMember.swift in Sources */ = {isa = PBXBuildFile; fileRef = 1489203722F98600002EFAF6 /* FamilyMember.swift */; };
		1489203D22F99272002EFAF6 /* family.json in Resources */ = {isa = PBXBuildFile; fileRef = 1489203C22F99272002EFAF6 /* family.json */; };
/* End PBXBuildFile section */

/* Begin PBXContainerItemProxy section */
		1489201722F98597002EFAF6 /* PBXContainerItemProxy */ = {
			isa = PBXContainerItemProxy;
			containerPortal = 14891FF822F98596002EFAF6 /* Project object */;
			proxyType = 1;
			remoteGlobalIDString = 14891FFF22F98596002EFAF6;
			remoteInfo = FamilySwiftUI;
		};
		1489202222F98597002EFAF6 /* PBXContainerItemProxy */ = {
			isa = PBXContainerItemProxy;
			containerPortal = 14891FF822F98596002EFAF6 /* Project object */;
			proxyType = 1;
			remoteGlobalIDString = 14891FFF22F98596002EFAF6;
			remoteInfo = FamilySwiftUI;
		};
/* End PBXContainerItemProxy section */

/* Begin PBXFileReference section */
		147C2B0523043350009F5491 /* Data.swift */ = {isa = PBXFileReference; lastKnownFileType = sourcecode.swift; path = Data.swift; sourceTree = "<group>"; };
		1489200022F98596002EFAF6 /* FamilySwiftUI.app */ = {isa = PBXFileReference; explicitFileType = wrapper.application; includeInIndex = 0; path = FamilySwiftUI.app; sourceTree = BUILT_PRODUCTS_DIR; };
		1489200322F98596002EFAF6 /* AppDelegate.swift */ = {isa = PBXFileReference; lastKnownFileType = sourcecode.swift; path = AppDelegate.swift; sourceTree = "<group>"; };
		1489200522F98596002EFAF6 /* SceneDelegate.swift */ = {isa = PBXFileReference; lastKnownFileType = sourcecode.swift; path = SceneDelegate.swift; sourceTree = "<group>"; };
		1489200722F98596002EFAF6 /* ContentView.swift */ = {isa = PBXFileReference; lastKnownFileType = sourcecode.swift; path = ContentView.swift; sourceTree = "<group>"; };
		1489200922F98597002EFAF6 /* Assets.xcassets */ = {isa = PBXFileReference; lastKnownFileType = folder.assetcatalog; path = Assets.xcassets; sourceTree = "<group>"; };
		1489200C22F98597002EFAF6 /* Preview Assets.xcassets */ = {isa = PBXFileReference; lastKnownFileType = folder.assetcatalog; path = "Preview Assets.xcassets"; sourceTree = "<group>"; };
		1489200F22F98597002EFAF6 /* Base */ = {isa = PBXFileReference; lastKnownFileType = file.storyboard; name = Base; path = Base.lproj/LaunchScreen.storyboard; sourceTree = "<group>"; };
		1489201122F98597002EFAF6 /* Info.plist */ = {isa = PBXFileReference; lastKnownFileType = text.plist.xml; path = Info.plist; sourceTree = "<group>"; };
		1489201622F98597002EFAF6 /* FamilySwiftUITests.xctest */ = {isa = PBXFileReference; explicitFileType = wrapper.cfbundle; includeInIndex = 0; path = FamilySwiftUITests.xctest; sourceTree = BUILT_PRODUCTS_DIR; };
		1489201A22F98597002EFAF6 /* FamilySwiftUITests.swift */ = {isa = PBXFileReference; lastKnownFileType = sourcecode.swift; path = FamilySwiftUITests.swift; sourceTree = "<group>"; };
		1489201C22F98597002EFAF6 /* Info.plist */ = {isa = PBXFileReference; lastKnownFileType = text.plist.xml; path = Info.plist; sourceTree = "<group>"; };
		1489202122F98597002EFAF6 /* FamilySwiftUIUITests.xctest */ = {isa = PBXFileReference; explicitFileType = wrapper.cfbundle; includeInIndex = 0; path = FamilySwiftUIUITests.xctest; sourceTree = BUILT_PRODUCTS_DIR; };
		1489202522F98597002EFAF6 /* FamilySwiftUIUITests.swift */ = {isa = PBXFileReference; lastKnownFileType = sourcecode.swift; path = FamilySwiftUIUITests.swift; sourceTree = "<group>"; };
		1489202722F98597002EFAF6 /* Info.plist */ = {isa = PBXFileReference; lastKnownFileType = text.plist.xml; path = Info.plist; sourceTree = "<group>"; };
		1489203722F98600002EFAF6 /* FamilyMember.swift */ = {isa = PBXFileReference; lastKnownFileType = sourcecode.swift; path = FamilyMember.swift; sourceTree = "<group>"; };
		1489203C22F99272002EFAF6 /* family.json */ = {isa = PBXFileReference; fileEncoding = 4; lastKnownFileType = text.json; path = family.json; sourceTree = "<group>"; };
/* End PBXFileReference section */

/* Begin PBXFrameworksBuildPhase section */
		14891FFD22F98596002EFAF6 /* Frameworks */ = {
			isa = PBXFrameworksBuildPhase;
			buildActionMask = 2147483647;
			files = (
			);
			runOnlyForDeploymentPostprocessing = 0;
		};
		1489201322F98597002EFAF6 /* Frameworks */ = {
			isa = PBXFrameworksBuildPhase;
			buildActionMask = 2147483647;
			files = (
			);
			runOnlyForDeploymentPostprocessing = 0;
		};
		1489201E22F98597002EFAF6 /* Frameworks */ = {
			isa = PBXFrameworksBuildPhase;
			buildActionMask = 2147483647;
			files = (
			);
			runOnlyForDeploymentPostprocessing = 0;
		};
/* End PBXFrameworksBuildPhase section */

/* Begin PBXGroup section */
		14891FF722F98596002EFAF6 = {
			isa = PBXGroup;
			children = (
				1489200222F98596002EFAF6 /* FamilySwiftUI */,
				1489201922F98597002EFAF6 /* FamilySwiftUITests */,
				1489202422F98597002EFAF6 /* FamilySwiftUIUITests */,
				1489200122F98596002EFAF6 /* Products */,
				1489203C22F99272002EFAF6 /* family.json */,
			);
			sourceTree = "<group>";
		};
		1489200122F98596002EFAF6 /* Products */ = {
			isa = PBXGroup;
			children = (
				1489200022F98596002EFAF6 /* FamilySwiftUI.app */,
				1489201622F98597002EFAF6 /* FamilySwiftUITests.xctest */,
				1489202122F98597002EFAF6 /* FamilySwiftUIUITests.xctest */,
			);
			name = Products;
			sourceTree = "<group>";
		};
		1489200222F98596002EFAF6 /* FamilySwiftUI */ = {
			isa = PBXGroup;
			children = (
				1489200322F98596002EFAF6 /* AppDelegate.swift */,
				1489200522F98596002EFAF6 /* SceneDelegate.swift */,
				1489200722F98596002EFAF6 /* ContentView.swift */,
				1489200922F98597002EFAF6 /* Assets.xcassets */,
				1489200E22F98597002EFAF6 /* LaunchScreen.storyboard */,
				1489201122F98597002EFAF6 /* Info.plist */,
				1489200B22F98597002EFAF6 /* Preview Content */,
				1489203722F98600002EFAF6 /* FamilyMember.swift */,
				147C2B0523043350009F5491 /* Data.swift */,
			);
			path = FamilySwiftUI;
			sourceTree = "<group>";
		};
		1489200B22F98597002EFAF6 /* Preview Content */ = {
			isa = PBXGroup;
			children = (
				1489200C22F98597002EFAF6 /* Preview Assets.xcassets */,
			);
			path = "Preview Content";
			sourceTree = "<group>";
		};
		1489201922F98597002EFAF6 /* FamilySwiftUITests */ = {
			isa = PBXGroup;
			children = (
				1489201A22F98597002EFAF6 /* FamilySwiftUITests.swift */,
				1489201C22F98597002EFAF6 /* Info.plist */,
			);
			path = FamilySwiftUITests;
			sourceTree = "<group>";
		};
		1489202422F98597002EFAF6 /* FamilySwiftUIUITests */ = {
			isa = PBXGroup;
			children = (
				1489202522F98597002EFAF6 /* FamilySwiftUIUITests.swift */,
				1489202722F98597002EFAF6 /* Info.plist */,
			);
			path = FamilySwiftUIUITests;
			sourceTree = "<group>";
		};
/* End PBXGroup section */

/* Begin PBXNativeTarget section */
		14891FFF22F98596002EFAF6 /* FamilySwiftUI */ = {
			isa = PBXNativeTarget;
			buildConfigurationList = 1489202A22F98597002EFAF6 /* Build configuration list for PBXNativeTarget "FamilySwiftUI" */;
			buildPhases = (
				14891FFC22F98596002EFAF6 /* Sources */,
				14891FFD22F98596002EFAF6 /* Frameworks */,
				14891FFE22F98596002EFAF6 /* Resources */,
			);
			buildRules = (
			);
			dependencies = (
			);
			name = FamilySwiftUI;
			productName = FamilySwiftUI;
			productReference = 1489200022F98596002EFAF6 /* FamilySwiftUI.app */;
			productType = "com.apple.product-type.application";
		};
		1489201522F98597002EFAF6 /* FamilySwiftUITests */ = {
			isa = PBXNativeTarget;
			buildConfigurationList = 1489202D22F98597002EFAF6 /* Build configuration list for PBXNativeTarget "FamilySwiftUITests" */;
			buildPhases = (
				1489201222F98597002EFAF6 /* Sources */,
				1489201322F98597002EFAF6 /* Frameworks */,
				1489201422F98597002EFAF6 /* Resources */,
			);
			buildRules = (
			);
			dependencies = (
				1489201822F98597002EFAF6 /* PBXTargetDependency */,
			);
			name = FamilySwiftUITests;
			productName = FamilySwiftUITests;
			productReference = 1489201622F98597002EFAF6 /* FamilySwiftUITests.xctest */;
			productType = "com.apple.product-type.bundle.unit-test";
		};
		1489202022F98597002EFAF6 /* FamilySwiftUIUITests */ = {
			isa = PBXNativeTarget;
			buildConfigurationList = 1489203022F98597002EFAF6 /* Build configuration list for PBXNativeTarget "FamilySwiftUIUITests" */;
			buildPhases = (
				1489201D22F98597002EFAF6 /* Sources */,
				1489201E22F98597002EFAF6 /* Frameworks */,
				1489201F22F98597002EFAF6 /* Resources */,
			);
			buildRules = (
			);
			dependencies = (
				1489202322F98597002EFAF6 /* PBXTargetDependency */,
			);
			name = FamilySwiftUIUITests;
			productName = FamilySwiftUIUITests;
			productReference = 1489202122F98597002EFAF6 /* FamilySwiftUIUITests.xctest */;
			productType = "com.apple.product-type.bundle.ui-testing";
		};
/* End PBXNativeTarget section */

/* Begin PBXProject section */
		14891FF822F98596002EFAF6 /* Project object */ = {
			isa = PBXProject;
			attributes = {
				LastSwiftUpdateCheck = 1100;
				LastUpgradeCheck = 1100;
				ORGANIZATIONNAME = "Øyvind Tangen";
				TargetAttributes = {
					14891FFF22F98596002EFAF6 = {
						CreatedOnToolsVersion = 11.0;
					};
					1489201522F98597002EFAF6 = {
						CreatedOnToolsVersion = 11.0;
						TestTargetID = 14891FFF22F98596002EFAF6;
					};
					1489202022F98597002EFAF6 = {
						CreatedOnToolsVersion = 11.0;
						TestTargetID = 14891FFF22F98596002EFAF6;
					};
				};
			};
			buildConfigurationList = 14891FFB22F98596002EFAF6 /* Build configuration list for PBXProject "FamilySwiftUI" */;
			compatibilityVersion = "Xcode 9.3";
			developmentRegion = en;
			hasScannedForEncodings = 0;
			knownRegions = (
				en,
				Base,
			);
			mainGroup = 14891FF722F98596002EFAF6;
			productRefGroup = 1489200122F98596002EFAF6 /* Products */;
			projectDirPath = "";
			projectRoot = "";
			targets = (
				14891FFF22F98596002EFAF6 /* FamilySwiftUI */,
				1489201522F98597002EFAF6 /* FamilySwiftUITests */,
				1489202022F98597002EFAF6 /* FamilySwiftUIUITests */,
			);
		};
/* End PBXProject section */

/* Begin PBXResourcesBuildPhase section */
		14891FFE22F98596002EFAF6 /* Resources */ = {
			isa = PBXResourcesBuildPhase;
			buildActionMask = 2147483647;
			files = (
				1489201022F98597002EFAF6 /* LaunchScreen.storyboard in Resources */,
				1489203D22F99272002EFAF6 /* family.json in Resources */,
				1489200D22F98597002EFAF6 /* Preview Assets.xcassets in Resources */,
				1489200A22F98597002EFAF6 /* Assets.xcassets in Resources */,
			);
			runOnlyForDeploymentPostprocessing = 0;
		};
		1489201422F98597002EFAF6 /* Resources */ = {
			isa = PBXResourcesBuildPhase;
			buildActionMask = 2147483647;
			files = (
			);
			runOnlyForDeploymentPostprocessing = 0;
		};
		1489201F22F98597002EFAF6 /* Resources */ = {
			isa = PBXResourcesBuildPhase;
			buildActionMask = 2147483647;
			files = (
			);
			runOnlyForDeploymentPostprocessing = 0;
		};
/* End PBXResourcesBuildPhase section */

/* Begin PBXSourcesBuildPhase section */
		14891FFC22F98596002EFAF6 /* Sources */ = {
			isa = PBXSourcesBuildPhase;
			buildActionMask = 2147483647;
			files = (
				147C2B0623043350009F5491 /* Data.swift in Sources */,
				1489200422F98596002EFAF6 /* AppDelegate.swift in Sources */,
				1489200622F98596002EFAF6 /* SceneDelegate.swift in Sources */,
				1489200822F98596002EFAF6 /* ContentView.swift in Sources */,
				1489203822F98600002EFAF6 /* FamilyMember.swift in Sources */,
			);
			runOnlyForDeploymentPostprocessing = 0;
		};
		1489201222F98597002EFAF6 /* Sources */ = {
			isa = PBXSourcesBuildPhase;
			buildActionMask = 2147483647;
			files = (
				1489201B22F98597002EFAF6 /* FamilySwiftUITests.swift in Sources */,
			);
			runOnlyForDeploymentPostprocessing = 0;
		};
		1489201D22F98597002EFAF6 /* Sources */ = {
			isa = PBXSourcesBuildPhase;
			buildActionMask = 2147483647;
			files = (
				1489202622F98597002EFAF6 /* FamilySwiftUIUITests.swift in Sources */,
			);
			runOnlyForDeploymentPostprocessing = 0;
		};
/* End PBXSourcesBuildPhase section */

/* Begin PBXTargetDependency section */
		1489201822F98597002EFAF6 /* PBXTargetDependency */ = {
			isa = PBXTargetDependency;
			target = 14891FFF22F98596002EFAF6 /* FamilySwiftUI */;
			targetProxy = 1489201722F98597002EFAF6 /* PBXContainerItemProxy */;
		};
		1489202322F98597002EFAF6 /* PBXTargetDependency */ = {
			isa = PBXTargetDependency;
			target = 14891FFF22F98596002EFAF6 /* FamilySwiftUI */;
			targetProxy = 1489202222F98597002EFAF6 /* PBXContainerItemProxy */;
		};
/* End PBXTargetDependency section */

/* Begin PBXVariantGroup section */
		1489200E22F98597002EFAF6 /* LaunchScreen.storyboard */ = {
			isa = PBXVariantGroup;
			children = (
				1489200F22F98597002EFAF6 /* Base */,
			);
			name = LaunchScreen.storyboard;
			sourceTree = "<group>";
		};
/* End PBXVariantGroup section */

/* Begin XCBuildConfiguration section */
		1489202822F98597002EFAF6 /* Debug */ = {
			isa = XCBuildConfiguration;
			buildSettings = {
				ALWAYS_SEARCH_USER_PATHS = NO;
				CLANG_ANALYZER_NONNULL = YES;
				CLANG_ANALYZER_NUMBER_OBJECT_CONVERSION = YES_AGGRESSIVE;
				CLANG_CXX_LANGUAGE_STANDARD = "gnu++14";
				CLANG_CXX_LIBRARY = "libc++";
				CLANG_ENABLE_MODULES = YES;
				CLANG_ENABLE_OBJC_ARC = YES;
				CLANG_ENABLE_OBJC_WEAK = YES;
				CLANG_WARN_BLOCK_CAPTURE_AUTORELEASING = YES;
				CLANG_WARN_BOOL_CONVERSION = YES;
				CLANG_WARN_COMMA = YES;
				CLANG_WARN_CONSTANT_CONVERSION = YES;
				CLANG_WARN_DEPRECATED_OBJC_IMPLEMENTATIONS = YES;
				CLANG_WARN_DIRECT_OBJC_ISA_USAGE = YES_ERROR;
				CLANG_WARN_DOCUMENTATION_COMMENTS = YES;
				CLANG_WARN_EMPTY_BODY = YES;
				CLANG_WARN_ENUM_CONVERSION = YES;
				CLANG_WARN_INFINITE_RECURSION = YES;
				CLANG_WARN_INT_CONVERSION = YES;
				CLANG_WARN_NON_LITERAL_NULL_CONVERSION = YES;
				CLANG_WARN_OBJC_IMPLICIT_RETAIN_SELF = YES;
				CLANG_WARN_OBJC_LITERAL_CONVERSION = YES;
				CLANG_WARN_OBJC_ROOT_CLASS = YES_ERROR;
				CLANG_WARN_RANGE_LOOP_ANALYSIS = YES;
				CLANG_WARN_STRICT_PROTOTYPES = YES;
				CLANG_WARN_SUSPICIOUS_MOVE = YES;
				CLANG_WARN_UNGUARDED_AVAILABILITY = YES_AGGRESSIVE;
				CLANG_WARN_UNREACHABLE_CODE = YES;
				CLANG_WARN__DUPLICATE_METHOD_MATCH = YES;
				COPY_PHASE_STRIP = NO;
				DEBUG_INFORMATION_FORMAT = dwarf;
				ENABLE_STRICT_OBJC_MSGSEND = YES;
				ENABLE_TESTABILITY = YES;
				GCC_C_LANGUAGE_STANDARD = gnu11;
				GCC_DYNAMIC_NO_PIC = NO;
				GCC_NO_COMMON_BLOCKS = YES;
				GCC_OPTIMIZATION_LEVEL = 0;
				GCC_PREPROCESSOR_DEFINITIONS = (
					"DEBUG=1",
					"$(inherited)",
				);
				GCC_WARN_64_TO_32_BIT_CONVERSION = YES;
				GCC_WARN_ABOUT_RETURN_TYPE = YES_ERROR;
				GCC_WARN_UNDECLARED_SELECTOR = YES;
				GCC_WARN_UNINITIALIZED_AUTOS = YES_AGGRESSIVE;
				GCC_WARN_UNUSED_FUNCTION = YES;
				GCC_WARN_UNUSED_VARIABLE = YES;
				IPHONEOS_DEPLOYMENT_TARGET = 13.0;
				MTL_ENABLE_DEBUG_INFO = INCLUDE_SOURCE;
				MTL_FAST_MATH = YES;
				ONLY_ACTIVE_ARCH = YES;
				SDKROOT = iphoneos;
				SWIFT_ACTIVE_COMPILATION_CONDITIONS = DEBUG;
				SWIFT_OPTIMIZATION_LEVEL = "-Onone";
			};
			name = Debug;
		};
		1489202922F98597002EFAF6 /* Release */ = {
			isa = XCBuildConfiguration;
			buildSettings = {
				ALWAYS_SEARCH_USER_PATHS = NO;
				CLANG_ANALYZER_NONNULL = YES;
				CLANG_ANALYZER_NUMBER_OBJECT_CONVERSION = YES_AGGRESSIVE;
				CLANG_CXX_LANGUAGE_STANDARD = "gnu++14";
				CLANG_CXX_LIBRARY = "libc++";
				CLANG_ENABLE_MODULES = YES;
				CLANG_ENABLE_OBJC_ARC = YES;
				CLANG_ENABLE_OBJC_WEAK = YES;
				CLANG_WARN_BLOCK_CAPTURE_AUTORELEASING = YES;
				CLANG_WARN_BOOL_CONVERSION = YES;
				CLANG_WARN_COMMA = YES;
				CLANG_WARN_CONSTANT_CONVERSION = YES;
				CLANG_WARN_DEPRECATED_OBJC_IMPLEMENTATIONS = YES;
				CLANG_WARN_DIRECT_OBJC_ISA_USAGE = YES_ERROR;
				CLANG_WARN_DOCUMENTATION_COMMENTS = YES;
				CLANG_WARN_EMPTY_BODY = YES;
				CLANG_WARN_ENUM_CONVERSION = YES;
				CLANG_WARN_INFINITE_RECURSION = YES;
				CLANG_WARN_INT_CONVERSION = YES;
				CLANG_WARN_NON_LITERAL_NULL_CONVERSION = YES;
				CLANG_WARN_OBJC_IMPLICIT_RETAIN_SELF = YES;
				CLANG_WARN_OBJC_LITERAL_CONVERSION = YES;
				CLANG_WARN_OBJC_ROOT_CLASS = YES_ERROR;
				CLANG_WARN_RANGE_LOOP_ANALYSIS = YES;
				CLANG_WARN_STRICT_PROTOTYPES = YES;
				CLANG_WARN_SUSPICIOUS_MOVE = YES;
				CLANG_WARN_UNGUARDED_AVAILABILITY = YES_AGGRESSIVE;
				CLANG_WARN_UNREACHABLE_CODE = YES;
				CLANG_WARN__DUPLICATE_METHOD_MATCH = YES;
				COPY_PHASE_STRIP = NO;
				DEBUG_INFORMATION_FORMAT = "dwarf-with-dsym";
				ENABLE_NS_ASSERTIONS = NO;
				ENABLE_STRICT_OBJC_MSGSEND = YES;
				GCC_C_LANGUAGE_STANDARD = gnu11;
				GCC_NO_COMMON_BLOCKS = YES;
				GCC_WARN_64_TO_32_BIT_CONVERSION = YES;
				GCC_WARN_ABOUT_RETURN_TYPE = YES_ERROR;
				GCC_WARN_UNDECLARED_SELECTOR = YES;
				GCC_WARN_UNINITIALIZED_AUTOS = YES_AGGRESSIVE;
				GCC_WARN_UNUSED_FUNCTION = YES;
				GCC_WARN_UNUSED_VARIABLE = YES;
				IPHONEOS_DEPLOYMENT_TARGET = 13.0;
				MTL_ENABLE_DEBUG_INFO = NO;
				MTL_FAST_MATH = YES;
				SDKROOT = iphoneos;
				SWIFT_COMPILATION_MODE = wholemodule;
				SWIFT_OPTIMIZATION_LEVEL = "-O";
				VALIDATE_PRODUCT = YES;
			};
			name = Release;
		};
		1489202B22F98597002EFAF6 /* Debug */ = {
			isa = XCBuildConfiguration;
			buildSettings = {
				ASSETCATALOG_COMPILER_APPICON_NAME = AppIcon;
				CODE_SIGN_STYLE = Automatic;
				DEVELOPMENT_ASSET_PATHS = "FamilySwiftUI/Preview\\ Content";
				DEVELOPMENT_TEAM = H843SGYW86;
				ENABLE_PREVIEWS = YES;
				INFOPLIST_FILE = FamilySwiftUI/Info.plist;
				LD_RUNPATH_SEARCH_PATHS = (
					"$(inherited)",
					"@executable_path/Frameworks",
				);
				PRODUCT_BUNDLE_IDENTIFIER = app.tangen.FamilySwiftUI;
				PRODUCT_NAME = "$(TARGET_NAME)";
				SWIFT_VERSION = 5.0;
				TARGETED_DEVICE_FAMILY = "1,2";
			};
			name = Debug;
		};
		1489202C22F98597002EFAF6 /* Release */ = {
			isa = XCBuildConfiguration;
			buildSettings = {
				ASSETCATALOG_COMPILER_APPICON_NAME = AppIcon;
				CODE_SIGN_STYLE = Automatic;
				DEVELOPMENT_ASSET_PATHS = "FamilySwiftUI/Preview\\ Content";
				DEVELOPMENT_TEAM = H843SGYW86;
				ENABLE_PREVIEWS = YES;
				INFOPLIST_FILE = FamilySwiftUI/Info.plist;
				LD_RUNPATH_SEARCH_PATHS = (
					"$(inherited)",
					"@executable_path/Frameworks",
				);
				PRODUCT_BUNDLE_IDENTIFIER = app.tangen.FamilySwiftUI;
				PRODUCT_NAME = "$(TARGET_NAME)";
				SWIFT_VERSION = 5.0;
				TARGETED_DEVICE_FAMILY = "1,2";
			};
			name = Release;
		};
		1489202E22F98597002EFAF6 /* Debug */ = {
			isa = XCBuildConfiguration;
			buildSettings = {
				ALWAYS_EMBED_SWIFT_STANDARD_LIBRARIES = YES;
				BUNDLE_LOADER = "$(TEST_HOST)";
				CODE_SIGN_STYLE = Automatic;
				DEVELOPMENT_TEAM = H843SGYW86;
				INFOPLIST_FILE = FamilySwiftUITests/Info.plist;
				LD_RUNPATH_SEARCH_PATHS = (
					"$(inherited)",
					"@executable_path/Frameworks",
					"@loader_path/Frameworks",
				);
				PRODUCT_BUNDLE_IDENTIFIER = app.tangen.FamilySwiftUITests;
				PRODUCT_NAME = "$(TARGET_NAME)";
				SWIFT_VERSION = 5.0;
				TARGETED_DEVICE_FAMILY = "1,2";
				TEST_HOST = "$(BUILT_PRODUCTS_DIR)/FamilySwiftUI.app/FamilySwiftUI";
			};
			name = Debug;
		};
		1489202F22F98597002EFAF6 /* Release */ = {
			isa = XCBuildConfiguration;
			buildSettings = {
				ALWAYS_EMBED_SWIFT_STANDARD_LIBRARIES = YES;
				BUNDLE_LOADER = "$(TEST_HOST)";
				CODE_SIGN_STYLE = Automatic;
				DEVELOPMENT_TEAM = H843SGYW86;
				INFOPLIST_FILE = FamilySwiftUITests/Info.plist;
				LD_RUNPATH_SEARCH_PATHS = (
					"$(inherited)",
					"@executable_path/Frameworks",
					"@loader_path/Frameworks",
				);
				PRODUCT_BUNDLE_IDENTIFIER = app.tangen.FamilySwiftUITests;
				PRODUCT_NAME = "$(TARGET_NAME)";
				SWIFT_VERSION = 5.0;
				TARGETED_DEVICE_FAMILY = "1,2";
				TEST_HOST = "$(BUILT_PRODUCTS_DIR)/FamilySwiftUI.app/FamilySwiftUI";
			};
			name = Release;
		};
		1489203122F98597002EFAF6 /* Debug */ = {
			isa = XCBuildConfiguration;
			buildSettings = {
				ALWAYS_EMBED_SWIFT_STANDARD_LIBRARIES = YES;
				CODE_SIGN_STYLE = Automatic;
				DEVELOPMENT_TEAM = H843SGYW86;
				INFOPLIST_FILE = FamilySwiftUIUITests/Info.plist;
				LD_RUNPATH_SEARCH_PATHS = (
					"$(inherited)",
					"@executable_path/Frameworks",
					"@loader_path/Frameworks",
				);
				PRODUCT_BUNDLE_IDENTIFIER = app.tangen.FamilySwiftUIUITests;
				PRODUCT_NAME = "$(TARGET_NAME)";
				SWIFT_VERSION = 5.0;
				TARGETED_DEVICE_FAMILY = "1,2";
				TEST_TARGET_NAME = FamilySwiftUI;
			};
			name = Debug;
		};
		1489203222F98597002EFAF6 /* Release */ = {
			isa = XCBuildConfiguration;
			buildSettings = {
				ALWAYS_EMBED_SWIFT_STANDARD_LIBRARIES = YES;
				CODE_SIGN_STYLE = Automatic;
				DEVELOPMENT_TEAM = H843SGYW86;
				INFOPLIST_FILE = FamilySwiftUIUITests/Info.plist;
				LD_RUNPATH_SEARCH_PATHS = (
					"$(inherited)",
					"@executable_path/Frameworks",
					"@loader_path/Frameworks",
				);
				PRODUCT_BUNDLE_IDENTIFIER = app.tangen.FamilySwiftUIUITests;
				PRODUCT_NAME = "$(TARGET_NAME)";
				SWIFT_VERSION = 5.0;
				TARGETED_DEVICE_FAMILY = "1,2";
				TEST_TARGET_NAME = FamilySwiftUI;
			};
			name = Release;
		};
/* End XCBuildConfiguration section */

/* Begin XCConfigurationList section */
		14891FFB22F98596002EFAF6 /* Build configuration list for PBXProject "FamilySwiftUI" */ = {
			isa = XCConfigurationList;
			buildConfigurations = (
				1489202822F98597002EFAF6 /* Debug */,
				1489202922F98597002EFAF6 /* Release */,
			);
			defaultConfigurationIsVisible = 0;
			defaultConfigurationName = Release;
		};
		1489202A22F98597002EFAF6 /* Build configuration list for PBXNativeTarget "FamilySwiftUI" */ = {
			isa = XCConfigurationList;
			buildConfigurations = (
				1489202B22F98597002EFAF6 /* Debug */,
				1489202C22F98597002EFAF6 /* Release */,
			);
			defaultConfigurationIsVisible = 0;
			defaultConfigurationName = Release;
		};
		1489202D22F98597002EFAF6 /* Build configuration list for PBXNativeTarget "FamilySwiftUITests" */ = {
			isa = XCConfigurationList;
			buildConfigurations = (
				1489202E22F98597002EFAF6 /* Debug */,
				1489202F22F98597002EFAF6 /* Release */,
			);
			defaultConfigurationIsVisible = 0;
			defaultConfigurationName = Release;
		};
		1489203022F98597002EFAF6 /* Build configuration list for PBXNativeTarget "FamilySwiftUIUITests" */ = {
			isa = XCConfigurationList;
			buildConfigurations = (
				1489203122F98597002EFAF6 /* Debug */,
				1489203222F98597002EFAF6 /* Release */,
			);
			defaultConfigurationIsVisible = 0;
			defaultConfigurationName = Release;
		};
/* End XCConfigurationList section */
	};
	rootObject = 14891FF822F98596002EFAF6 /* Project object */;
}
